schema: '2.0'
stages:
  snapshot_datasets:
    cmd: python scripts/snapshot_datasets.py
    deps:
    - path: configs/data_source.yaml
      hash: md5
      md5: f3522e24d45f54ec7268d3f4daf1311e
      size: 1101
    - path: data/generate_data.py
      hash: md5
      md5: f76b9733134a3d2776668cab53d2219a
      size: 10782
    - path: data/prepare_dataset.py
      hash: md5
      md5: 4c4eaabbd282c63c9812c92b826da758
      size: 9477
    - path: scripts/snapshot_datasets.py
      hash: md5
      md5: 48b18926d8dda59105733f94e6988c17
      size: 1411
    outs:
    - path: data/raw/tickets.csv
      hash: md5
      md5: 5aeb00447441c41188275721864f55a1
      size: 225904
    - path: data/versions
      hash: md5
      md5: 032c1eb07e53e7f2fb887719aef81f37.dir
      size: 347806
      nfiles: 5
